// !$*UTF8*$!
{
	archiveVersion = 1;
	classes = {
	};
	objectVersion = 77;
	objects = {

/* Begin PBXBuildFile section */
		61E0581B2D9E04A3001D4466 /* DatabasesHelper.swift in Sources */ = {isa = PBXBuildFile; fileRef = 61E0581A2D9E04A3001D4466 /* DatabasesHelper.swift */; };
		61E0581D2D9E090C001D4466 /* Product.swift in Sources */ = {isa = PBXBuildFile; fileRef = 61E0581C2D9E090C001D4466 /* Product.swift */; };
		61E0581F2D9E0927001D4466 /* User.swift in Sources */ = {isa = PBXBuildFile; fileRef = 61E0581E2D9E0927001D4466 /* User.swift */; };
		61E058222D9E208C001D4466 /* SwiftfulUI in Frameworks */ = {isa = PBXBuildFile; productRef = 61E058212D9E208C001D4466 /* SwiftfulUI */; };
		61E058252D9E20BA001D4466 /* SwiftfulRouting in Frameworks */ = {isa = PBXBuildFile; productRef = 61E058242D9E20BA001D4466 /* SwiftfulRouting */; };
		61E0582A2D9E27C1001D4466 /* SpotifyHomeView.swift in Sources */ = {isa = PBXBuildFile; fileRef = 61E058292D9E27C1001D4466 /* SpotifyHomeView.swift */; };
		61E0582C2D9E29F7001D4466 /* SpotifyCategoryCell.swift in Sources */ = {isa = PBXBuildFile; fileRef = 61E0582B2D9E29F7001D4466 /* SpotifyCategoryCell.swift */; };
		61E0582F2D9E2C67001D4466 /* Category.swift in Sources */ = {isa = PBXBuildFile; fileRef = 61E0582E2D9E2C67001D4466 /* Category.swift */; };
		61F8FBED2D9C8F1C004EDD66 /* SDWebImageSwiftUI in Frameworks */ = {isa = PBXBuildFile; productRef = 61F8FBEC2D9C8F1C004EDD66 /* SDWebImageSwiftUI */; };
		61F8FBF42D9C8F5E004EDD66 /* ContentView.swift in Sources */ = {isa = PBXBuildFile; fileRef = 61F8FBF12D9C8F5E004EDD66 /* ContentView.swift */; };
		61F8FBF52D9C8F5E004EDD66 /* SwiftUIinPracticeApp.swift in Sources */ = {isa = PBXBuildFile; fileRef = 61F8FBF22D9C8F5E004EDD66 /* SwiftUIinPracticeApp.swift */; };
		61F8FBF62D9C8F5E004EDD66 /* Preview Assets.xcassets in Resources */ = {isa = PBXBuildFile; fileRef = 61F8FBEE2D9C8F5E004EDD66 /* Preview Assets.xcassets */; };
		61F8FBF72D9C8F5E004EDD66 /* Assets.xcassets in Resources */ = {isa = PBXBuildFile; fileRef = 61F8FBF02D9C8F5E004EDD66 /* Assets.xcassets */; };
		61F8FBFA2D9C8FA2004EDD66 /* ImageLoaderView.swift in Sources */ = {isa = PBXBuildFile; fileRef = 61F8FBF92D9C8FA2004EDD66 /* ImageLoaderView.swift */; };
		61F8FBFC2D9C90DD004EDD66 /* Constants.swift in Sources */ = {isa = PBXBuildFile; fileRef = 61F8FBFB2D9C90DD004EDD66 /* Constants.swift */; };
/* End PBXBuildFile section */

/* Begin PBXFileReference section */
		6111533D2D9B6F86007891CD /* SwiftUIinPractice.app */ = {isa = PBXFileReference; explicitFileType = wrapper.application; includeInIndex = 0; path = SwiftUIinPractice.app; sourceTree = BUILT_PRODUCTS_DIR; };
		61E0581A2D9E04A3001D4466 /* DatabasesHelper.swift */ = {isa = PBXFileReference; lastKnownFileType = sourcecode.swift; path = DatabasesHelper.swift; sourceTree = "<group>"; };
		61E0581C2D9E090C001D4466 /* Product.swift */ = {isa = PBXFileReference; lastKnownFileType = sourcecode.swift; path = Product.swift; sourceTree = "<group>"; };
		61E0581E2D9E0927001D4466 /* User.swift */ = {isa = PBXFileReference; lastKnownFileType = sourcecode.swift; path = User.swift; sourceTree = "<group>"; };
		61E058292D9E27C1001D4466 /* SpotifyHomeView.swift */ = {isa = PBXFileReference; lastKnownFileType = sourcecode.swift; path = SpotifyHomeView.swift; sourceTree = "<group>"; };
		61E0582B2D9E29F7001D4466 /* SpotifyCategoryCell.swift */ = {isa = PBXFileReference; lastKnownFileType = sourcecode.swift; path = SpotifyCategoryCell.swift; sourceTree = "<group>"; };
		61E0582E2D9E2C67001D4466 /* Category.swift */ = {isa = PBXFileReference; lastKnownFileType = sourcecode.swift; path = Category.swift; sourceTree = "<group>"; };
		61F8FBEE2D9C8F5E004EDD66 /* Preview Assets.xcassets */ = {isa = PBXFileReference; lastKnownFileType = folder.assetcatalog; path = "Preview Assets.xcassets"; sourceTree = "<group>"; };
		61F8FBF02D9C8F5E004EDD66 /* Assets.xcassets */ = {isa = PBXFileReference; lastKnownFileType = folder.assetcatalog; path = Assets.xcassets; sourceTree = "<group>"; };
		61F8FBF12D9C8F5E004EDD66 /* ContentView.swift */ = {isa = PBXFileReference; lastKnownFileType = sourcecode.swift; path = ContentView.swift; sourceTree = "<group>"; };
		61F8FBF22D9C8F5E004EDD66 /* SwiftUIinPracticeApp.swift */ = {isa = PBXFileReference; lastKnownFileType = sourcecode.swift; path = SwiftUIinPracticeApp.swift; sourceTree = "<group>"; };
		61F8FBF92D9C8FA2004EDD66 /* ImageLoaderView.swift */ = {isa = PBXFileReference; lastKnownFileType = sourcecode.swift; path = ImageLoaderView.swift; sourceTree = "<group>"; };
		61F8FBFB2D9C90DD004EDD66 /* Constants.swift */ = {isa = PBXFileReference; lastKnownFileType = sourcecode.swift; path = Constants.swift; sourceTree = "<group>"; };
/* End PBXFileReference section */

/* Begin PBXFrameworksBuildPhase section */
		6111533A2D9B6F85007891CD /* Frameworks */ = {
			isa = PBXFrameworksBuildPhase;
			buildActionMask = 2147483647;
			files = (
				61E058222D9E208C001D4466 /* SwiftfulUI in Frameworks */,
				61E058252D9E20BA001D4466 /* SwiftfulRouting in Frameworks */,
				61F8FBED2D9C8F1C004EDD66 /* SDWebImageSwiftUI in Frameworks */,
			);
			runOnlyForDeploymentPostprocessing = 0;
		};
/* End PBXFrameworksBuildPhase section */

/* Begin PBXGroup section */
		611153342D9B6F85007891CD = {
			isa = PBXGroup;
			children = (
				61F8FBF32D9C8F5E004EDD66 /* SwiftUIinPractice */,
				6111533E2D9B6F86007891CD /* Products */,
			);
			sourceTree = "<group>";
		};
		6111533E2D9B6F86007891CD /* Products */ = {
			isa = PBXGroup;
			children = (
				6111533D2D9B6F86007891CD /* SwiftUIinPractice.app */,
			);
			name = Products;
			sourceTree = "<group>";
		};
		61E058262D9E278B001D4466 /* Spotify */ = {
			isa = PBXGroup;
			children = (
				61E0582D2D9E2C4E001D4466 /* Models */,
				61E058282D9E27A0001D4466 /* Components */,
				61E058272D9E2796001D4466 /* Core */,
			);
			path = Spotify;
			sourceTree = "<group>";
		};
		61E058272D9E2796001D4466 /* Core */ = {
			isa = PBXGroup;
			children = (
				61E058292D9E27C1001D4466 /* SpotifyHomeView.swift */,
			);
			path = Core;
			sourceTree = "<group>";
		};
		61E058282D9E27A0001D4466 /* Components */ = {
			isa = PBXGroup;
			children = (
				61E0582B2D9E29F7001D4466 /* SpotifyCategoryCell.swift */,
			);
			path = Components;
			sourceTree = "<group>";
		};
		61E0582D2D9E2C4E001D4466 /* Models */ = {
			isa = PBXGroup;
			children = (
				61E0582E2D9E2C67001D4466 /* Category.swift */,
			);
			path = Models;
			sourceTree = "<group>";
		};
		61F8FBEF2D9C8F5E004EDD66 /* Preview Content */ = {
			isa = PBXGroup;
			children = (
				61F8FBEE2D9C8F5E004EDD66 /* Preview Assets.xcassets */,
			);
			path = "Preview Content";
			sourceTree = "<group>";
		};
		61F8FBF32D9C8F5E004EDD66 /* SwiftUIinPractice */ = {
			isa = PBXGroup;
			children = (
				61E058262D9E278B001D4466 /* Spotify */,
				61F8FBF12D9C8F5E004EDD66 /* ContentView.swift */,
				61F8FBF22D9C8F5E004EDD66 /* SwiftUIinPracticeApp.swift */,
				61F8FBF82D9C8F6C004EDD66 /* Shared */,
				61F8FBF02D9C8F5E004EDD66 /* Assets.xcassets */,
				61F8FBEF2D9C8F5E004EDD66 /* Preview Content */,
			);
			path = SwiftUIinPractice;
			sourceTree = "<group>";
		};
		61F8FBF82D9C8F6C004EDD66 /* Shared */ = {
			isa = PBXGroup;
			children = (
				61F8FBF92D9C8FA2004EDD66 /* ImageLoaderView.swift */,
				61F8FBFB2D9C90DD004EDD66 /* Constants.swift */,
				61E0581A2D9E04A3001D4466 /* DatabasesHelper.swift */,
				61E0581E2D9E0927001D4466 /* User.swift */,
				61E0581C2D9E090C001D4466 /* Product.swift */,
			);
			path = Shared;
			sourceTree = "<group>";
		};
/* End PBXGroup section */

/* Begin PBXNativeTarget section */
		6111533C2D9B6F85007891CD /* SwiftUIinPractice */ = {
			isa = PBXNativeTarget;
			buildConfigurationList = 6111534B2D9B6F87007891CD /* Build configuration list for PBXNativeTarget "SwiftUIinPractice" */;
			buildPhases = (
				611153392D9B6F85007891CD /* Sources */,
				6111533A2D9B6F85007891CD /* Frameworks */,
				6111533B2D9B6F85007891CD /* Resources */,
			);
			buildRules = (
			);
			dependencies = (
			);
			name = SwiftUIinPractice;
			packageProductDependencies = (
				61F8FBEC2D9C8F1C004EDD66 /* SDWebImageSwiftUI */,
				61E058212D9E208C001D4466 /* SwiftfulUI */,
				61E058242D9E20BA001D4466 /* SwiftfulRouting */,
			);
			productName = SwiftUIinPractice;
			productReference = 6111533D2D9B6F86007891CD /* SwiftUIinPractice.app */;
			productType = "com.apple.product-type.application";
		};
/* End PBXNativeTarget section */

/* Begin PBXProject section */
		611153352D9B6F85007891CD /* Project object */ = {
			isa = PBXProject;
			attributes = {
				BuildIndependentTargetsInParallel = 1;
				LastSwiftUpdateCheck = 1620;
				LastUpgradeCheck = 1630;
				TargetAttributes = {
					6111533C2D9B6F85007891CD = {
						CreatedOnToolsVersion = 16.2;
					};
				};
			};
			buildConfigurationList = 611153382D9B6F85007891CD /* Build configuration list for PBXProject "SwiftUIinPractice" */;
			developmentRegion = en;
			hasScannedForEncodings = 0;
			knownRegions = (
				en,
				Base,
			);
			mainGroup = 611153342D9B6F85007891CD;
			minimizedProjectReferenceProxies = 1;
			packageReferences = (
				61F8FBEB2D9C8F1C004EDD66 /* XCRemoteSwiftPackageReference "SDWebImageSwiftUI" */,
				61E058202D9E208C001D4466 /* XCRemoteSwiftPackageReference "SwiftfulUI" */,
				61E058232D9E20BA001D4466 /* XCRemoteSwiftPackageReference "SwiftfulRouting" */,
			);
			preferredProjectObjectVersion = 77;
			productRefGroup = 6111533E2D9B6F86007891CD /* Products */;
			projectDirPath = "";
			projectRoot = "";
			targets = (
				6111533C2D9B6F85007891CD /* SwiftUIinPractice */,
			);
		};
/* End PBXProject section */

/* Begin PBXResourcesBuildPhase section */
		6111533B2D9B6F85007891CD /* Resources */ = {
			isa = PBXResourcesBuildPhase;
			buildActionMask = 2147483647;
			files = (
				61F8FBF62D9C8F5E004EDD66 /* Preview Assets.xcassets in Resources */,
				61F8FBF72D9C8F5E004EDD66 /* Assets.xcassets in Resources */,
			);
			runOnlyForDeploymentPostprocessing = 0;
		};
/* End PBXResourcesBuildPhase section */

/* Begin PBXSourcesBuildPhase section */
		611153392D9B6F85007891CD /* Sources */ = {
			isa = PBXSourcesBuildPhase;
			buildActionMask = 2147483647;
			files = (
				61F8FBFA2D9C8FA2004EDD66 /* ImageLoaderView.swift in Sources */,
				61E0582F2D9E2C67001D4466 /* Category.swift in Sources */,
				61E0582C2D9E29F7001D4466 /* SpotifyCategoryCell.swift in Sources */,
				61F8FBF42D9C8F5E004EDD66 /* ContentView.swift in Sources */,
				61E0582A2D9E27C1001D4466 /* SpotifyHomeView.swift in Sources */,
				61F8FBF52D9C8F5E004EDD66 /* SwiftUIinPracticeApp.swift in Sources */,
				61F8FBFC2D9C90DD004EDD66 /* Constants.swift in Sources */,
				61E0581B2D9E04A3001D4466 /* DatabasesHelper.swift in Sources */,
				61E0581D2D9E090C001D4466 /* Product.swift in Sources */,
				61E0581F2D9E0927001D4466 /* User.swift in Sources */,
			);
			runOnlyForDeploymentPostprocessing = 0;
		};
/* End PBXSourcesBuildPhase section */

/* Begin XCBuildConfiguration section */
		611153492D9B6F87007891CD /* Debug */ = {
			isa = XCBuildConfiguration;
			buildSettings = {
				ALWAYS_SEARCH_USER_PATHS = NO;
				ASSETCATALOG_COMPILER_GENERATE_SWIFT_ASSET_SYMBOL_EXTENSIONS = YES;
				CLANG_ANALYZER_NONNULL = YES;
				CLANG_ANALYZER_NUMBER_OBJECT_CONVERSION = YES_AGGRESSIVE;
				CLANG_CXX_LANGUAGE_STANDARD = "gnu++20";
				CLANG_ENABLE_MODULES = YES;
				CLANG_ENABLE_OBJC_ARC = YES;
				CLANG_ENABLE_OBJC_WEAK = YES;
				CLANG_WARN_BLOCK_CAPTURE_AUTORELEASING = YES;
				CLANG_WARN_BOOL_CONVERSION = YES;
				CLANG_WARN_COMMA = YES;
				CLANG_WARN_CONSTANT_CONVERSION = YES;
				CLANG_WARN_DEPRECATED_OBJC_IMPLEMENTATIONS = YES;
				CLANG_WARN_DIRECT_OBJC_ISA_USAGE = YES_ERROR;
				CLANG_WARN_DOCUMENTATION_COMMENTS = YES;
				CLANG_WARN_EMPTY_BODY = YES;
				CLANG_WARN_ENUM_CONVERSION = YES;
				CLANG_WARN_INFINITE_RECURSION = YES;
				CLANG_WARN_INT_CONVERSION = YES;
				CLANG_WARN_NON_LITERAL_NULL_CONVERSION = YES;
				CLANG_WARN_OBJC_IMPLICIT_RETAIN_SELF = YES;
				CLANG_WARN_OBJC_LITERAL_CONVERSION = YES;
				CLANG_WARN_OBJC_ROOT_CLASS = YES_ERROR;
				CLANG_WARN_QUOTED_INCLUDE_IN_FRAMEWORK_HEADER = YES;
				CLANG_WARN_RANGE_LOOP_ANALYSIS = YES;
				CLANG_WARN_STRICT_PROTOTYPES = YES;
				CLANG_WARN_SUSPICIOUS_MOVE = YES;
				CLANG_WARN_UNGUARDED_AVAILABILITY = YES_AGGRESSIVE;
				CLANG_WARN_UNREACHABLE_CODE = YES;
				CLANG_WARN__DUPLICATE_METHOD_MATCH = YES;
				COPY_PHASE_STRIP = NO;
				DEBUG_INFORMATION_FORMAT = dwarf;
				DEVELOPMENT_TEAM = 4FXJ5W7FM5;
				ENABLE_STRICT_OBJC_MSGSEND = YES;
				ENABLE_TESTABILITY = YES;
				ENABLE_USER_SCRIPT_SANDBOXING = YES;
				GCC_C_LANGUAGE_STANDARD = gnu17;
				GCC_DYNAMIC_NO_PIC = NO;
				GCC_NO_COMMON_BLOCKS = YES;
				GCC_OPTIMIZATION_LEVEL = 0;
				GCC_PREPROCESSOR_DEFINITIONS = (
					"DEBUG=1",
					"$(inherited)",
				);
				GCC_WARN_64_TO_32_BIT_CONVERSION = YES;
				GCC_WARN_ABOUT_RETURN_TYPE = YES_ERROR;
				GCC_WARN_UNDECLARED_SELECTOR = YES;
				GCC_WARN_UNINITIALIZED_AUTOS = YES_AGGRESSIVE;
				GCC_WARN_UNUSED_FUNCTION = YES;
				GCC_WARN_UNUSED_VARIABLE = YES;
				IPHONEOS_DEPLOYMENT_TARGET = 18.2;
				LOCALIZATION_PREFERS_STRING_CATALOGS = YES;
				MTL_ENABLE_DEBUG_INFO = INCLUDE_SOURCE;
				MTL_FAST_MATH = YES;
				ONLY_ACTIVE_ARCH = YES;
				SDKROOT = iphoneos;
				SWIFT_ACTIVE_COMPILATION_CONDITIONS = "DEBUG $(inherited)";
				SWIFT_OPTIMIZATION_LEVEL = "-Onone";
			};
			name = Debug;
		};
		6111534A2D9B6F87007891CD /* Release */ = {
			isa = XCBuildConfiguration;
			buildSettings = {
				ALWAYS_SEARCH_USER_PATHS = NO;
				ASSETCATALOG_COMPILER_GENERATE_SWIFT_ASSET_SYMBOL_EXTENSIONS = YES;
				CLANG_ANALYZER_NONNULL = YES;
				CLANG_ANALYZER_NUMBER_OBJECT_CONVERSION = YES_AGGRESSIVE;
				CLANG_CXX_LANGUAGE_STANDARD = "gnu++20";
				CLANG_ENABLE_MODULES = YES;
				CLANG_ENABLE_OBJC_ARC = YES;
				CLANG_ENABLE_OBJC_WEAK = YES;
				CLANG_WARN_BLOCK_CAPTURE_AUTORELEASING = YES;
				CLANG_WARN_BOOL_CONVERSION = YES;
				CLANG_WARN_COMMA = YES;
				CLANG_WARN_CONSTANT_CONVERSION = YES;
				CLANG_WARN_DEPRECATED_OBJC_IMPLEMENTATIONS = YES;
				CLANG_WARN_DIRECT_OBJC_ISA_USAGE = YES_ERROR;
				CLANG_WARN_DOCUMENTATION_COMMENTS = YES;
				CLANG_WARN_EMPTY_BODY = YES;
				CLANG_WARN_ENUM_CONVERSION = YES;
				CLANG_WARN_INFINITE_RECURSION = YES;
				CLANG_WARN_INT_CONVERSION = YES;
				CLANG_WARN_NON_LITERAL_NULL_CONVERSION = YES;
				CLANG_WARN_OBJC_IMPLICIT_RETAIN_SELF = YES;
				CLANG_WARN_OBJC_LITERAL_CONVERSION = YES;
				CLANG_WARN_OBJC_ROOT_CLASS = YES_ERROR;
				CLANG_WARN_QUOTED_INCLUDE_IN_FRAMEWORK_HEADER = YES;
				CLANG_WARN_RANGE_LOOP_ANALYSIS = YES;
				CLANG_WARN_STRICT_PROTOTYPES = YES;
				CLANG_WARN_SUSPICIOUS_MOVE = YES;
				CLANG_WARN_UNGUARDED_AVAILABILITY = YES_AGGRESSIVE;
				CLANG_WARN_UNREACHABLE_CODE = YES;
				CLANG_WARN__DUPLICATE_METHOD_MATCH = YES;
				COPY_PHASE_STRIP = NO;
				DEBUG_INFORMATION_FORMAT = "dwarf-with-dsym";
				DEVELOPMENT_TEAM = 4FXJ5W7FM5;
				ENABLE_NS_ASSERTIONS = NO;
				ENABLE_STRICT_OBJC_MSGSEND = YES;
				ENABLE_USER_SCRIPT_SANDBOXING = YES;
				GCC_C_LANGUAGE_STANDARD = gnu17;
				GCC_NO_COMMON_BLOCKS = YES;
				GCC_WARN_64_TO_32_BIT_CONVERSION = YES;
				GCC_WARN_ABOUT_RETURN_TYPE = YES_ERROR;
				GCC_WARN_UNDECLARED_SELECTOR = YES;
				GCC_WARN_UNINITIALIZED_AUTOS = YES_AGGRESSIVE;
				GCC_WARN_UNUSED_FUNCTION = YES;
				GCC_WARN_UNUSED_VARIABLE = YES;
				IPHONEOS_DEPLOYMENT_TARGET = 18.2;
				LOCALIZATION_PREFERS_STRING_CATALOGS = YES;
				MTL_ENABLE_DEBUG_INFO = NO;
				MTL_FAST_MATH = YES;
				SDKROOT = iphoneos;
				SWIFT_COMPILATION_MODE = wholemodule;
				VALIDATE_PRODUCT = YES;
			};
			name = Release;
		};
		6111534C2D9B6F87007891CD /* Debug */ = {
			isa = XCBuildConfiguration;
			buildSettings = {
				ASSETCATALOG_COMPILER_APPICON_NAME = AppIcon;
				ASSETCATALOG_COMPILER_GLOBAL_ACCENT_COLOR_NAME = AccentColor;
				CODE_SIGN_STYLE = Automatic;
				CURRENT_PROJECT_VERSION = 1;
				DEVELOPMENT_ASSET_PATHS = "\"SwiftUIinPractice/Preview Content\"";
				ENABLE_PREVIEWS = YES;
				GENERATE_INFOPLIST_FILE = YES;
				INFOPLIST_KEY_UIApplicationSceneManifest_Generation = YES;
				INFOPLIST_KEY_UIApplicationSupportsIndirectInputEvents = YES;
				INFOPLIST_KEY_UILaunchScreen_Generation = YES;
				INFOPLIST_KEY_UISupportedInterfaceOrientations_iPad = "UIInterfaceOrientationPortrait UIInterfaceOrientationPortraitUpsideDown UIInterfaceOrientationLandscapeLeft UIInterfaceOrientationLandscapeRight";
				INFOPLIST_KEY_UISupportedInterfaceOrientations_iPhone = "UIInterfaceOrientationPortrait UIInterfaceOrientationLandscapeLeft UIInterfaceOrientationLandscapeRight";
				LD_RUNPATH_SEARCH_PATHS = (
					"$(inherited)",
					"@executable_path/Frameworks",
				);
				MARKETING_VERSION = 1.0;
				PRODUCT_BUNDLE_IDENTIFIER = com.iManzi.SwiftUIinPractice;
				PRODUCT_NAME = "$(TARGET_NAME)";
				SUPPORTED_PLATFORMS = "iphoneos iphonesimulator";
				SUPPORTS_MACCATALYST = NO;
				SUPPORTS_XR_DESIGNED_FOR_IPHONE_IPAD = NO;
				SWIFT_EMIT_LOC_STRINGS = YES;
				SWIFT_VERSION = 5.0;
				TARGETED_DEVICE_FAMILY = "1,2";
			};
			name = Debug;
		};
		6111534D2D9B6F87007891CD /* Release */ = {
			isa = XCBuildConfiguration;
			buildSettings = {
				ASSETCATALOG_COMPILER_APPICON_NAME = AppIcon;
				ASSETCATALOG_COMPILER_GLOBAL_ACCENT_COLOR_NAME = AccentColor;
				CODE_SIGN_STYLE = Automatic;
				CURRENT_PROJECT_VERSION = 1;
				DEVELOPMENT_ASSET_PATHS = "\"SwiftUIinPractice/Preview Content\"";
				ENABLE_PREVIEWS = YES;
				GENERATE_INFOPLIST_FILE = YES;
				INFOPLIST_KEY_UIApplicationSceneManifest_Generation = YES;
				INFOPLIST_KEY_UIApplicationSupportsIndirectInputEvents = YES;
				INFOPLIST_KEY_UILaunchScreen_Generation = YES;
				INFOPLIST_KEY_UISupportedInterfaceOrientations_iPad = "UIInterfaceOrientationPortrait UIInterfaceOrientationPortraitUpsideDown UIInterfaceOrientationLandscapeLeft UIInterfaceOrientationLandscapeRight";
				INFOPLIST_KEY_UISupportedInterfaceOrientations_iPhone = "UIInterfaceOrientationPortrait UIInterfaceOrientationLandscapeLeft UIInterfaceOrientationLandscapeRight";
				LD_RUNPATH_SEARCH_PATHS = (
					"$(inherited)",
					"@executable_path/Frameworks",
				);
				MARKETING_VERSION = 1.0;
				PRODUCT_BUNDLE_IDENTIFIER = com.iManzi.SwiftUIinPractice;
				PRODUCT_NAME = "$(TARGET_NAME)";
				SUPPORTED_PLATFORMS = "iphoneos iphonesimulator";
				SUPPORTS_MACCATALYST = NO;
				SUPPORTS_XR_DESIGNED_FOR_IPHONE_IPAD = NO;
				SWIFT_EMIT_LOC_STRINGS = YES;
				SWIFT_VERSION = 5.0;
				TARGETED_DEVICE_FAMILY = "1,2";
			};
			name = Release;
		};
/* End XCBuildConfiguration section */

/* Begin XCConfigurationList section */
		611153382D9B6F85007891CD /* Build configuration list for PBXProject "SwiftUIinPractice" */ = {
			isa = XCConfigurationList;
			buildConfigurations = (
				611153492D9B6F87007891CD /* Debug */,
				6111534A2D9B6F87007891CD /* Release */,
			);
			defaultConfigurationIsVisible = 0;
			defaultConfigurationName = Release;
		};
		6111534B2D9B6F87007891CD /* Build configuration list for PBXNativeTarget "SwiftUIinPractice" */ = {
			isa = XCConfigurationList;
			buildConfigurations = (
				6111534C2D9B6F87007891CD /* Debug */,
				6111534D2D9B6F87007891CD /* Release */,
			);
			defaultConfigurationIsVisible = 0;
			defaultConfigurationName = Release;
		};
/* End XCConfigurationList section */

/* Begin XCRemoteSwiftPackageReference section */
		61E058202D9E208C001D4466 /* XCRemoteSwiftPackageReference "SwiftfulUI" */ = {
			isa = XCRemoteSwiftPackageReference;
			repositoryURL = "https://github.com/SwiftfulThinking/SwiftfulUI.git";
			requirement = {
				kind = upToNextMajorVersion;
				minimumVersion = 1.2.0;
			};
		};
		61E058232D9E20BA001D4466 /* XCRemoteSwiftPackageReference "SwiftfulRouting" */ = {
			isa = XCRemoteSwiftPackageReference;
			repositoryURL = "https://github.com/SwiftfulThinking/SwiftfulRouting.git";
			requirement = {
				kind = upToNextMajorVersion;
				minimumVersion = 5.3.6;
			};
		};
		61F8FBEB2D9C8F1C004EDD66 /* XCRemoteSwiftPackageReference "SDWebImageSwiftUI" */ = {
			isa = XCRemoteSwiftPackageReference;
			repositoryURL = "https://github.com/SDWebImage/SDWebImageSwiftUI.git";
			requirement = {
				kind = upToNextMajorVersion;
				minimumVersion = 3.1.3;
			};
		};
/* End XCRemoteSwiftPackageReference section */

/* Begin XCSwiftPackageProductDependency section */
		61E058212D9E208C001D4466 /* SwiftfulUI */ = {
			isa = XCSwiftPackageProductDependency;
			package = 61E058202D9E208C001D4466 /* XCRemoteSwiftPackageReference "SwiftfulUI" */;
			productName = SwiftfulUI;
		};
		61E058242D9E20BA001D4466 /* SwiftfulRouting */ = {
			isa = XCSwiftPackageProductDependency;
			package = 61E058232D9E20BA001D4466 /* XCRemoteSwiftPackageReference "SwiftfulRouting" */;
			productName = SwiftfulRouting;
		};
		61F8FBEC2D9C8F1C004EDD66 /* SDWebImageSwiftUI */ = {
			isa = XCSwiftPackageProductDependency;
			package = 61F8FBEB2D9C8F1C004EDD66 /* XCRemoteSwiftPackageReference "SDWebImageSwiftUI" */;
			productName = SDWebImageSwiftUI;
		};
/* End XCSwiftPackageProductDependency section */
	};
	rootObject = 611153352D9B6F85007891CD /* Project object */;
}
